
Microsoft Visual Studio Solution File, Format Version 12.00
# Visual Studio Version 17
VisualStudioVersion = 17.14.36408.4 d17.14
MinimumVisualStudioVersion = 10.0.40219.1
Project("{888888A0-9F3D-457C-B088-3A5042F75D52}") = "Caja_POS_Python", "Caja_POS_Python.pyproj", "{FBF41E71-BB4B-4041-BF3A-0C8C1DC97D2C}"
EndProject
Global
	GlobalSection(SolutionConfigurationPlatforms) = preSolution
		Debug|Any CPU = Debug|Any CPU
		Release|Any CPU = Release|Any CPU
	EndGlobalSection
	GlobalSection(ProjectConfigurationPlatforms) = postSolution
		{FBF41E71-BB4B-4041-BF3A-0C8C1DC97D2C}.Debug|Any CPU.ActiveCfg = Debug|Any CPU
		{FBF41E71-BB4B-4041-BF3A-0C8C1DC97D2C}.Release|Any CPU.ActiveCfg = Release|Any CPU
	EndGlobalSection
	GlobalSection(SolutionProperties) = preSolution
		HideSolutionNode = FALSE
	EndGlobalSection
	GlobalSection(ExtensibilityGlobals) = postSolution
		SolutionGuid = {3D7145B3-CEDE-4AA2-9515-F38B2AC77865}
	EndGlobalSection
EndGlobal
